
Microsoft Visual Studio Solution File, Format Version 12.00
# Visual Studio Version 17
VisualStudioVersion = 17.7.34031.279
MinimumVisualStudioVersion = 10.0.40219.1
Project("{FAE04EC0-301F-11D3-BF4B-00C04F79EFBC}") = "Practica2", "Practica2\Practica2.csproj", "{731F798D-910B-45B3-A319-E5F26DCADEE1}"
EndProject
Global
	GlobalSection(SolutionConfigurationPlatforms) = preSolution
		Debug|Any CPU = Debug|Any CPU
		Release|Any CPU = Release|Any CPU
	EndGlobalSection
	GlobalSection(ProjectConfigurationPlatforms) = postSolution
		{731F798D-910B-45B3-A319-E5F26DCADEE1}.Debug|Any CPU.ActiveCfg = Debug|Any CPU
		{731F798D-910B-45B3-A319-E5F26DCADEE1}.Debug|Any CPU.Build.0 = Debug|Any CPU
		{731F798D-910B-45B3-A319-E5F26DCADEE1}.Release|Any CPU.ActiveCfg = Release|Any CPU
		{731F798D-910B-45B3-A319-E5F26DCADEE1}.Release|Any CPU.Build.0 = Release|Any CPU
	EndGlobalSection
	GlobalSection(SolutionProperties) = preSolution
		HideSolutionNode = FALSE
	EndGlobalSection
	GlobalSection(ExtensibilityGlobals) = postSolution
		SolutionGuid = {BA0F7BD0-29C9-4DB1-85C5-DDAEA36986B3}
	EndGlobalSection
EndGlobal
